
Microsoft Visual Studio Solution File, Format Version 12.00
# Visual Studio Version 17
VisualStudioVersion = 17.4.33403.182
MinimumVisualStudioVersion = 10.0.40219.1
Project("{FAE04EC0-301F-11D3-BF4B-00C04F79EFBC}") = "C2-sum", "C2-sum\C2-sum.csproj", "{0CCAF49E-99F6-4531-85C8-1BA6809A9688}"
EndProject
Global
	GlobalSection(SolutionConfigurationPlatforms) = preSolution
		Debug|Any CPU = Debug|Any CPU
		Release|Any CPU = Release|Any CPU
	EndGlobalSection
	GlobalSection(ProjectConfigurationPlatforms) = postSolution
		{0CCAF49E-99F6-4531-85C8-1BA6809A9688}.Debug|Any CPU.ActiveCfg = Debug|Any CPU
		{0CCAF49E-99F6-4531-85C8-1BA6809A9688}.Debug|Any CPU.Build.0 = Debug|Any CPU
		{0CCAF49E-99F6-4531-85C8-1BA6809A9688}.Release|Any CPU.ActiveCfg = Release|Any CPU
		{0CCAF49E-99F6-4531-85C8-1BA6809A9688}.Release|Any CPU.Build.0 = Release|Any CPU
	EndGlobalSection
	GlobalSection(SolutionProperties) = preSolution
		HideSolutionNode = FALSE
	EndGlobalSection
	GlobalSection(ExtensibilityGlobals) = postSolution
		SolutionGuid = {F743384F-E8DF-49CD-8BF7-F5689B687393}
	EndGlobalSection
EndGlobal
