
Microsoft Visual Studio Solution File, Format Version 12.00
# Visual Studio Version 17
VisualStudioVersion = 17.4.33403.182
MinimumVisualStudioVersion = 10.0.40219.1
Project("{FAE04EC0-301F-11D3-BF4B-00C04F79EFBC}") = "C1-hello", "C1-hello\C1-hello.csproj", "{60852923-5D28-4A2E-809E-CA970E2C6780}"
EndProject
Global
	GlobalSection(SolutionConfigurationPlatforms) = preSolution
		Debug|Any CPU = Debug|Any CPU
		Release|Any CPU = Release|Any CPU
	EndGlobalSection
	GlobalSection(ProjectConfigurationPlatforms) = postSolution
		{60852923-5D28-4A2E-809E-CA970E2C6780}.Debug|Any CPU.ActiveCfg = Debug|Any CPU
		{60852923-5D28-4A2E-809E-CA970E2C6780}.Debug|Any CPU.Build.0 = Debug|Any CPU
		{60852923-5D28-4A2E-809E-CA970E2C6780}.Release|Any CPU.ActiveCfg = Release|Any CPU
		{60852923-5D28-4A2E-809E-CA970E2C6780}.Release|Any CPU.Build.0 = Release|Any CPU
	EndGlobalSection
	GlobalSection(SolutionProperties) = preSolution
		HideSolutionNode = FALSE
	EndGlobalSection
	GlobalSection(ExtensibilityGlobals) = postSolution
		SolutionGuid = {0FD1EB61-C94D-4B18-88B5-A3EC20106B45}
	EndGlobalSection
EndGlobal
