
Microsoft Visual Studio Solution File, Format Version 12.00
# Visual Studio Version 17
VisualStudioVersion = 17.4.33403.182
MinimumVisualStudioVersion = 10.0.40219.1
Project("{FAE04EC0-301F-11D3-BF4B-00C04F79EFBC}") = "react-net-api", "react-net-api\react-net-api.csproj", "{11B51BF3-28A8-4150-8D13-D75AEB7FA275}"
EndProject
Global
	GlobalSection(SolutionConfigurationPlatforms) = preSolution
		Debug|Any CPU = Debug|Any CPU
		Release|Any CPU = Release|Any CPU
	EndGlobalSection
	GlobalSection(ProjectConfigurationPlatforms) = postSolution
		{11B51BF3-28A8-4150-8D13-D75AEB7FA275}.Debug|Any CPU.ActiveCfg = Debug|Any CPU
		{11B51BF3-28A8-4150-8D13-D75AEB7FA275}.Debug|Any CPU.Build.0 = Debug|Any CPU
		{11B51BF3-28A8-4150-8D13-D75AEB7FA275}.Release|Any CPU.ActiveCfg = Release|Any CPU
		{11B51BF3-28A8-4150-8D13-D75AEB7FA275}.Release|Any CPU.Build.0 = Release|Any CPU
	EndGlobalSection
	GlobalSection(SolutionProperties) = preSolution
		HideSolutionNode = FALSE
	EndGlobalSection
	GlobalSection(ExtensibilityGlobals) = postSolution
		SolutionGuid = {0902236A-C9EA-4207-B401-039734B4F80C}
	EndGlobalSection
EndGlobal
