
Microsoft Visual Studio Solution File, Format Version 12.00
# Visual Studio Version 17
VisualStudioVersion = 17.8.34322.80
MinimumVisualStudioVersion = 10.0.40219.1
Project("{FAE04EC0-301F-11D3-BF4B-00C04F79EFBC}") = "L2textdec", "L2textdec\L2textdec.csproj", "{D4015BE4-5D4E-4094-8C8A-5B07A07E5060}"
EndProject
Global
	GlobalSection(SolutionConfigurationPlatforms) = preSolution
		Debug|Any CPU = Debug|Any CPU
		Release|Any CPU = Release|Any CPU
	EndGlobalSection
	GlobalSection(ProjectConfigurationPlatforms) = postSolution
		{D4015BE4-5D4E-4094-8C8A-5B07A07E5060}.Debug|Any CPU.ActiveCfg = Debug|Any CPU
		{D4015BE4-5D4E-4094-8C8A-5B07A07E5060}.Debug|Any CPU.Build.0 = Debug|Any CPU
		{D4015BE4-5D4E-4094-8C8A-5B07A07E5060}.Release|Any CPU.ActiveCfg = Release|Any CPU
		{D4015BE4-5D4E-4094-8C8A-5B07A07E5060}.Release|Any CPU.Build.0 = Release|Any CPU
	EndGlobalSection
	GlobalSection(SolutionProperties) = preSolution
		HideSolutionNode = FALSE
	EndGlobalSection
	GlobalSection(ExtensibilityGlobals) = postSolution
		SolutionGuid = {279DC55A-DED1-4E31-ACD5-3BADDFE9D403}
	EndGlobalSection
EndGlobal
